
Microsoft Visual Studio Solution File, Format Version 12.00
# Visual Studio Version 17
VisualStudioVersion = 17.5.33530.505
MinimumVisualStudioVersion = 10.0.40219.1
Project("{FAE04EC0-301F-11D3-BF4B-00C04F79EFBC}") = "SystemWPF_DZ", "SystemWPF_DZ.csproj", "{449A0727-FA32-463C-AE23-2F4D94C4A1CD}"
EndProject
Global
	GlobalSection(SolutionConfigurationPlatforms) = preSolution
		Debug|Any CPU = Debug|Any CPU
		Release|Any CPU = Release|Any CPU
	EndGlobalSection
	GlobalSection(ProjectConfigurationPlatforms) = postSolution
		{449A0727-FA32-463C-AE23-2F4D94C4A1CD}.Debug|Any CPU.ActiveCfg = Debug|Any CPU
		{449A0727-FA32-463C-AE23-2F4D94C4A1CD}.Debug|Any CPU.Build.0 = Debug|Any CPU
		{449A0727-FA32-463C-AE23-2F4D94C4A1CD}.Release|Any CPU.ActiveCfg = Release|Any CPU
		{449A0727-FA32-463C-AE23-2F4D94C4A1CD}.Release|Any CPU.Build.0 = Release|Any CPU
	EndGlobalSection
	GlobalSection(SolutionProperties) = preSolution
		HideSolutionNode = FALSE
	EndGlobalSection
	GlobalSection(ExtensibilityGlobals) = postSolution
		SolutionGuid = {F431C879-90B4-4FDA-AA5D-4151C3A90D52}
	EndGlobalSection
EndGlobal
